
Microsoft Visual Studio Solution File, Format Version 12.00
# Visual Studio Version 17
VisualStudioVersion = 17.0.31903.59
MinimumVisualStudioVersion = 10.0.40219.1
Project("{8BC9CEB8-8B4A-11D0-8D11-00A0C91BC942}") = "Bai_1.0_GioiThieuLapTrinhC", "Bai_1.0_GioiThieuLapTrinhC\Bai_1.0_GioiThieuLapTrinhC.vcxproj", "{F07AC31A-80C2-44A3-8C53-703B1F5B91C2}"
EndProject
Project("{8BC9CEB8-8B4A-11D0-8D11-00A0C91BC942}") = "Bai_1.1_KhaiNiemVeBien", "Bai_1.1_KhaiNiemVeBien\Bai_1.1_KhaiNiemVeBien.vcxproj", "{9EAB7124-F773-4372-935B-D56148389AB4}"
EndProject
Project("{8BC9CEB8-8B4A-11D0-8D11-00A0C91BC942}") = "Bai_1.2_CauLenhXuatRaManHinh", "Bai_1.2_CauLenhXuatRaManHinh\Bai_1.2_CauLenhXuatRaManHinh.vcxproj", "{C2638208-E0AE-41CE-80F7-0A0A076F7E2E}"
EndProject
Project("{8BC9CEB8-8B4A-11D0-8D11-00A0C91BC942}") = "Bai_1.3_NhapDuLieuTuBanPhim", "Bai_1.3_NhapDuLieuTuBanPhim\Bai_1.3_NhapDuLieuTuBanPhim.vcxproj", "{AC1FFE0E-3319-4EE4-91F1-FF2DA0ABDDFB}"
EndProject
Project("{8BC9CEB8-8B4A-11D0-8D11-00A0C91BC942}") = "Bai_1.4_ToanTuTrongLapTrinh", "Bai_1.4_ToanTuTrongLapTrinh\Bai_1.4_ToanTuTrongLapTrinh.vcxproj", "{01914D9A-7F12-45A0-BA68-486B0613BE60}"
EndProject
Project("{8BC9CEB8-8B4A-11D0-8D11-00A0C91BC942}") = "Bai_1.5_CauDieuKien", "Bai_1.5_CauDieuKien\Bai_1.5_CauDieuKien.vcxproj", "{B2C2ABA1-4201-4D63-BC02-8A670744E922}"
EndProject
Project("{8BC9CEB8-8B4A-11D0-8D11-00A0C91BC942}") = "Bai_1.6_SwitchCase", "Bai_1.6_SwitchCase\Bai_1.6_SwitchCase.vcxproj", "{E5316860-A3E7-4B9E-8F9A-C09412317EF7}"
EndProject
Project("{8BC9CEB8-8B4A-11D0-8D11-00A0C91BC942}") = "Bai_1.7_3LoaiVongLap", "Bai_1.7_3LoaiVongLap\Bai_1.7_3LoaiVongLap.vcxproj", "{C741FBD0-C3DA-4814-997E-4B231C82A66B}"
EndProject
Project("{8BC9CEB8-8B4A-11D0-8D11-00A0C91BC942}") = "BAI_TAP_SWITCH_CASE", "BAI_TAP_SWITCH_CASE\BAI_TAP_SWITCH_CASE.vcxproj", "{5FB6096D-79D9-447F-99E2-B6C945B64B63}"
EndProject
Global
	GlobalSection(SolutionConfigurationPlatforms) = preSolution
		Debug|x64 = Debug|x64
		Debug|x86 = Debug|x86
		Release|x64 = Release|x64
		Release|x86 = Release|x86
	EndGlobalSection
	GlobalSection(ProjectConfigurationPlatforms) = postSolution
		{F07AC31A-80C2-44A3-8C53-703B1F5B91C2}.Debug|x64.ActiveCfg = Debug|x64
		{F07AC31A-80C2-44A3-8C53-703B1F5B91C2}.Debug|x64.Build.0 = Debug|x64
		{F07AC31A-80C2-44A3-8C53-703B1F5B91C2}.Debug|x86.ActiveCfg = Debug|Win32
		{F07AC31A-80C2-44A3-8C53-703B1F5B91C2}.Debug|x86.Build.0 = Debug|Win32
		{F07AC31A-80C2-44A3-8C53-703B1F5B91C2}.Release|x64.ActiveCfg = Release|x64
		{F07AC31A-80C2-44A3-8C53-703B1F5B91C2}.Release|x64.Build.0 = Release|x64
		{F07AC31A-80C2-44A3-8C53-703B1F5B91C2}.Release|x86.ActiveCfg = Release|Win32
		{F07AC31A-80C2-44A3-8C53-703B1F5B91C2}.Release|x86.Build.0 = Release|Win32
		{9EAB7124-F773-4372-935B-D56148389AB4}.Debug|x64.ActiveCfg = Debug|x64
		{9EAB7124-F773-4372-935B-D56148389AB4}.Debug|x64.Build.0 = Debug|x64
		{9EAB7124-F773-4372-935B-D56148389AB4}.Debug|x86.ActiveCfg = Debug|Win32
		{9EAB7124-F773-4372-935B-D56148389AB4}.Debug|x86.Build.0 = Debug|Win32
		{9EAB7124-F773-4372-935B-D56148389AB4}.Release|x64.ActiveCfg = Release|x64
		{9EAB7124-F773-4372-935B-D56148389AB4}.Release|x64.Build.0 = Release|x64
		{9EAB7124-F773-4372-935B-D56148389AB4}.Release|x86.ActiveCfg = Release|Win32
		{9EAB7124-F773-4372-935B-D56148389AB4}.Release|x86.Build.0 = Release|Win32
		{C2638208-E0AE-41CE-80F7-0A0A076F7E2E}.Debug|x64.ActiveCfg = Debug|x64
		{C2638208-E0AE-41CE-80F7-0A0A076F7E2E}.Debug|x64.Build.0 = Debug|x64
		{C2638208-E0AE-41CE-80F7-0A0A076F7E2E}.Debug|x86.ActiveCfg = Debug|Win32
		{C2638208-E0AE-41CE-80F7-0A0A076F7E2E}.Debug|x86.Build.0 = Debug|Win32
		{C2638208-E0AE-41CE-80F7-0A0A076F7E2E}.Release|x64.ActiveCfg = Release|x64
		{C2638208-E0AE-41CE-80F7-0A0A076F7E2E}.Release|x64.Build.0 = Release|x64
		{C2638208-E0AE-41CE-80F7-0A0A076F7E2E}.Release|x86.ActiveCfg = Release|Win32
		{C2638208-E0AE-41CE-80F7-0A0A076F7E2E}.Release|x86.Build.0 = Release|Win32
		{AC1FFE0E-3319-4EE4-91F1-FF2DA0ABDDFB}.Debug|x64.ActiveCfg = Debug|x64
		{AC1FFE0E-3319-4EE4-91F1-FF2DA0ABDDFB}.Debug|x64.Build.0 = Debug|x64
		{AC1FFE0E-3319-4EE4-91F1-FF2DA0ABDDFB}.Debug|x86.ActiveCfg = Debug|Win32
		{AC1FFE0E-3319-4EE4-91F1-FF2DA0ABDDFB}.Debug|x86.Build.0 = Debug|Win32
		{AC1FFE0E-3319-4EE4-91F1-FF2DA0ABDDFB}.Release|x64.ActiveCfg = Release|x64
		{AC1FFE0E-3319-4EE4-91F1-FF2DA0ABDDFB}.Release|x64.Build.0 = Release|x64
		{AC1FFE0E-3319-4EE4-91F1-FF2DA0ABDDFB}.Release|x86.ActiveCfg = Release|Win32
		{AC1FFE0E-3319-4EE4-91F1-FF2DA0ABDDFB}.Release|x86.Build.0 = Release|Win32
		{01914D9A-7F12-45A0-BA68-486B0613BE60}.Debug|x64.ActiveCfg = Debug|x64
		{01914D9A-7F12-45A0-BA68-486B0613BE60}.Debug|x64.Build.0 = Debug|x64
		{01914D9A-7F12-45A0-BA68-486B0613BE60}.Debug|x86.ActiveCfg = Debug|Win32
		{01914D9A-7F12-45A0-BA68-486B0613BE60}.Debug|x86.Build.0 = Debug|Win32
		{01914D9A-7F12-45A0-BA68-486B0613BE60}.Release|x64.ActiveCfg = Release|x64
		{01914D9A-7F12-45A0-BA68-486B0613BE60}.Release|x64.Build.0 = Release|x64
		{01914D9A-7F12-45A0-BA68-486B0613BE60}.Release|x86.ActiveCfg = Release|Win32
		{01914D9A-7F12-45A0-BA68-486B0613BE60}.Release|x86.Build.0 = Release|Win32
		{B2C2ABA1-4201-4D63-BC02-8A670744E922}.Debug|x64.ActiveCfg = Debug|x64
		{B2C2ABA1-4201-4D63-BC02-8A670744E922}.Debug|x64.Build.0 = Debug|x64
		{B2C2ABA1-4201-4D63-BC02-8A670744E922}.Debug|x86.ActiveCfg = Debug|Win32
		{B2C2ABA1-4201-4D63-BC02-8A670744E922}.Debug|x86.Build.0 = Debug|Win32
		{B2C2ABA1-4201-4D63-BC02-8A670744E922}.Release|x64.ActiveCfg = Release|x64
		{B2C2ABA1-4201-4D63-BC02-8A670744E922}.Release|x64.Build.0 = Release|x64
		{B2C2ABA1-4201-4D63-BC02-8A670744E922}.Release|x86.ActiveCfg = Release|Win32
		{B2C2ABA1-4201-4D63-BC02-8A670744E922}.Release|x86.Build.0 = Release|Win32
		{E5316860-A3E7-4B9E-8F9A-C09412317EF7}.Debug|x64.ActiveCfg = Debug|x64
		{E5316860-A3E7-4B9E-8F9A-C09412317EF7}.Debug|x64.Build.0 = Debug|x64
		{E5316860-A3E7-4B9E-8F9A-C09412317EF7}.Debug|x86.ActiveCfg = Debug|Win32
		{E5316860-A3E7-4B9E-8F9A-C09412317EF7}.Debug|x86.Build.0 = Debug|Win32
		{E5316860-A3E7-4B9E-8F9A-C09412317EF7}.Release|x64.ActiveCfg = Release|x64
		{E5316860-A3E7-4B9E-8F9A-C09412317EF7}.Release|x64.Build.0 = Release|x64
		{E5316860-A3E7-4B9E-8F9A-C09412317EF7}.Release|x86.ActiveCfg = Release|Win32
		{E5316860-A3E7-4B9E-8F9A-C09412317EF7}.Release|x86.Build.0 = Release|Win32
		{C741FBD0-C3DA-4814-997E-4B231C82A66B}.Debug|x64.ActiveCfg = Debug|x64
		{C741FBD0-C3DA-4814-997E-4B231C82A66B}.Debug|x64.Build.0 = Debug|x64
		{C741FBD0-C3DA-4814-997E-4B231C82A66B}.Debug|x86.ActiveCfg = Debug|Win32
		{C741FBD0-C3DA-4814-997E-4B231C82A66B}.Debug|x86.Build.0 = Debug|Win32
		{C741FBD0-C3DA-4814-997E-4B231C82A66B}.Release|x64.ActiveCfg = Release|x64
		{C741FBD0-C3DA-4814-997E-4B231C82A66B}.Release|x64.Build.0 = Release|x64
		{C741FBD0-C3DA-4814-997E-4B231C82A66B}.Release|x86.ActiveCfg = Release|Win32
		{C741FBD0-C3DA-4814-997E-4B231C82A66B}.Release|x86.Build.0 = Release|Win32
		{5FB6096D-79D9-447F-99E2-B6C945B64B63}.Debug|x64.ActiveCfg = Debug|x64
		{5FB6096D-79D9-447F-99E2-B6C945B64B63}.Debug|x64.Build.0 = Debug|x64
		{5FB6096D-79D9-447F-99E2-B6C945B64B63}.Debug|x86.ActiveCfg = Debug|Win32
		{5FB6096D-79D9-447F-99E2-B6C945B64B63}.Debug|x86.Build.0 = Debug|Win32
		{5FB6096D-79D9-447F-99E2-B6C945B64B63}.Release|x64.ActiveCfg = Release|x64
		{5FB6096D-79D9-447F-99E2-B6C945B64B63}.Release|x64.Build.0 = Release|x64
		{5FB6096D-79D9-447F-99E2-B6C945B64B63}.Release|x86.ActiveCfg = Release|Win32
		{5FB6096D-79D9-447F-99E2-B6C945B64B63}.Release|x86.Build.0 = Release|Win32
	EndGlobalSection
	GlobalSection(SolutionProperties) = preSolution
		HideSolutionNode = FALSE
	EndGlobalSection
	GlobalSection(ExtensibilityGlobals) = postSolution
		SolutionGuid = {B78785E2-C4EB-48D6-A820-283497D7042B}
	EndGlobalSection
EndGlobal
